
Microsoft Visual Studio Solution File, Format Version 12.00
# Visual Studio Version 16
VisualStudioVersion = 16.0.30413.136
MinimumVisualStudioVersion = 10.0.40219.1
Project("{9A19103F-16F7-4668-BE54-9A1E7A4F7556}") = "LibraryApplicationAPI", "LibraryApplicationAPI.csproj", "{09011869-201D-4859-ABFA-8DBE69ADB274}"
EndProject
Global
	GlobalSection(SolutionConfigurationPlatforms) = preSolution
		Debug|Any CPU = Debug|Any CPU
		Release|Any CPU = Release|Any CPU
	EndGlobalSection
	GlobalSection(ProjectConfigurationPlatforms) = postSolution
		{09011869-201D-4859-ABFA-8DBE69ADB274}.Debug|Any CPU.ActiveCfg = Debug|Any CPU
		{09011869-201D-4859-ABFA-8DBE69ADB274}.Debug|Any CPU.Build.0 = Debug|Any CPU
		{09011869-201D-4859-ABFA-8DBE69ADB274}.Release|Any CPU.ActiveCfg = Release|Any CPU
		{09011869-201D-4859-ABFA-8DBE69ADB274}.Release|Any CPU.Build.0 = Release|Any CPU
	EndGlobalSection
	GlobalSection(SolutionProperties) = preSolution
		HideSolutionNode = FALSE
	EndGlobalSection
	GlobalSection(ExtensibilityGlobals) = postSolution
		SolutionGuid = {E7DD6AA2-C6AE-4322-871D-7846FB4C6107}
	EndGlobalSection
EndGlobal
